
Microsoft Visual Studio Solution File, Format Version 12.00
# Visual Studio 15
VisualStudioVersion = 15.0.28307.489
MinimumVisualStudioVersion = 10.0.40219.1
Project("{FAE04EC0-301F-11D3-BF4B-00C04F79EFBC}") = "Tesis1", "Tesis1\Tesis1.csproj", "{C98E114D-363B-4C84-8FF7-6AC0913F987D}"
EndProject
Global
	GlobalSection(SolutionConfigurationPlatforms) = preSolution
		Debug|Any CPU = Debug|Any CPU
		Release|Any CPU = Release|Any CPU
	EndGlobalSection
	GlobalSection(ProjectConfigurationPlatforms) = postSolution
		{C98E114D-363B-4C84-8FF7-6AC0913F987D}.Debug|Any CPU.ActiveCfg = Debug|Any CPU
		{C98E114D-363B-4C84-8FF7-6AC0913F987D}.Debug|Any CPU.Build.0 = Debug|Any CPU
		{C98E114D-363B-4C84-8FF7-6AC0913F987D}.Release|Any CPU.ActiveCfg = Release|Any CPU
		{C98E114D-363B-4C84-8FF7-6AC0913F987D}.Release|Any CPU.Build.0 = Release|Any CPU
	EndGlobalSection
	GlobalSection(SolutionProperties) = preSolution
		HideSolutionNode = FALSE
	EndGlobalSection
	GlobalSection(ExtensibilityGlobals) = postSolution
		SolutionGuid = {8F575D52-395C-45BB-B95F-C931D7A4D37D}
	EndGlobalSection
EndGlobal
